PODS:
  - boost-for-react-native (1.63.0)
  - CocoaAsyncSocket (7.6.5)
  - DoubleConversion (1.1.6)
  - FBLazyVector (0.63.41)
  - FBReactNativeSpec (0.63.41):
    - RCT-Folly (= 2020.01.13.00)
    - RCTRequired (= 0.63.41)
    - RCTTypeSafety (= 0.63.41)
    - React-Core (= 0.63.41)
    - React-jsi (= 0.63.41)
    - ReactCommon/turbomodule/core (= 0.63.41)
  - Flipper (0.75.1):
    - Flipper-Folly (~> 2.5)
    - Flipper-RSocket (~> 1.3)
  - Flipper-Boost-iOSX (1.76.0.1.11)
  - Flipper-DoubleConversion (1.1.7)
  - Flipper-Fmt (7.1.7)
  - Flipper-Folly (2.6.9):
    - Flipper-Boost-iOSX
    - Flipper-DoubleConversion
    - Flipper-Fmt (= 7.1.7)
    - Flipper-Glog
    - libevent (~> 2.1.12)
    - OpenSSL-Universal (= 1.1.1100)
  - Flipper-Glog (0.3.6)
  - Flipper-PeerTalk (0.0.4)
  - Flipper-RSocket (1.4.3):
    - Flipper-Folly (~> 2.6)
  - FlipperKit (0.75.1):
    - FlipperKit/Core (= 0.75.1)
  - FlipperKit/Core (0.75.1):
    - Flipper (~> 0.75.1)
    - FlipperKit/CppBridge
    - FlipperKit/FBCxxFollyDynamicConvert
    - FlipperKit/FBDefines
    - FlipperKit/FKPortForwarding
  - FlipperKit/CppBridge (0.75.1):
    - Flipper (~> 0.75.1)
  - FlipperKit/FBCxxFollyDynamicConvert (0.75.1):
    - Flipper-Folly (~> 2.5)
  - FlipperKit/FBDefines (0.75.1)
  - FlipperKit/FKPortForwarding (0.75.1):
    - CocoaAsyncSocket (~> 7.6)
    - Flipper-PeerTalk (~> 0.0.4)
  - FlipperKit/FlipperKitHighlightOverlay (0.75.1)
  - FlipperKit/FlipperKitLayoutPlugin (0.75.1):
    - FlipperKit/Core
    - FlipperKit/FlipperKitHighlightOverlay
    - FlipperKit/FlipperKitLayoutTextSearchable
    - YogaKit (~> 1.18)
  - FlipperKit/FlipperKitLayoutTextSearchable (0.75.1)
  - FlipperKit/FlipperKitNetworkPlugin (0.75.1):
    - FlipperKit/Core
  - FlipperKit/FlipperKitReactPlugin (0.75.1):
    - FlipperKit/Core
  - FlipperKit/FlipperKitUserDefaultsPlugin (0.75.1):
    - FlipperKit/Core
  - FlipperKit/SKIOSNetworkPlugin (0.75.1):
    - FlipperKit/Core
    - FlipperKit/FlipperKitNetworkPlugin
  - glog (0.3.5)
  - libevent (2.1.12)
  - OpenSSL-Universal (1.1.1100)
  - RCT-Folly (2020.01.13.00):
    - boost-for-react-native
    - DoubleConversion
    - glog
    - RCT-Folly/Default (= 2020.01.13.00)
  - RCT-Folly/Default (2020.01.13.00):
    - boost-for-react-native
    - DoubleConversion
    - glog
  - RCTRequired (0.63.41)
  - RCTTypeSafety (0.63.41):
    - FBLazyVector (= 0.63.41)
    - RCT-Folly (= 2020.01.13.00)
    - RCTRequired (= 0.63.41)
    - React-Core (= 0.63.41)
  - React (0.63.41):
    - React-Core (= 0.63.41)
    - React-Core/DevSupport (= 0.63.41)
    - React-Core/RCTWebSocket (= 0.63.41)
    - React-RCTActionSheet (= 0.63.41)
    - React-RCTAnimation (= 0.63.41)
    - React-RCTBlob (= 0.63.41)
    - React-RCTImage (= 0.63.41)
    - React-RCTLinking (= 0.63.41)
    - React-RCTNetwork (= 0.63.41)
    - React-RCTSettings (= 0.63.41)
    - React-RCTText (= 0.63.41)
    - React-RCTVibration (= 0.63.41)
  - React-callinvoker (0.63.41)
  - React-Core (0.63.41):
    - glog
    - RCT-Folly (= 2020.01.13.00)
    - React-Core/Default (= 0.63.41)
    - React-cxxreact (= 0.63.41)
    - React-jsi (= 0.63.41)
    - React-jsiexecutor (= 0.63.41)
    - Yoga
  - React-Core/CoreModulesHeaders (0.63.41):
    - glog
    - RCT-Folly (= 2020.01.13.00)
    - React-Core/Default
    - React-cxxreact (= 0.63.41)
    - React-jsi (= 0.63.41)
    - React-jsiexecutor (= 0.63.41)
    - Yoga
  - React-Core/Default (0.63.41):
    - glog
    - RCT-Folly (= 2020.01.13.00)
    - React-cxxreact (= 0.63.41)
    - React-jsi (= 0.63.41)
    - React-jsiexecutor (= 0.63.41)
    - Yoga
  - React-Core/DevSupport (0.63.41):
    - glog
    - RCT-Folly (= 2020.01.13.00)
    - React-Core/Default (= 0.63.41)
    - React-Core/RCTWebSocket (= 0.63.41)
    - React-cxxreact (= 0.63.41)
    - React-jsi (= 0.63.41)
    - React-jsiexecutor (= 0.63.41)
    - React-jsinspector (= 0.63.41)
    - Yoga
  - React-Core/RCTActionSheetHeaders (0.63.41):
    - glog
    - RCT-Folly (= 2020.01.13.00)
    - React-Core/Default
    - React-cxxreact (= 0.63.41)
    - React-jsi (= 0.63.41)
    - React-jsiexecutor (= 0.63.41)
    - Yoga
  - React-Core/RCTAnimationHeaders (0.63.41):
    - glog
    - RCT-Folly (= 2020.01.13.00)
    - React-Core/Default
    - React-cxxreact (= 0.63.41)
    - React-jsi (= 0.63.41)
    - React-jsiexecutor (= 0.63.41)
    - Yoga
  - React-Core/RCTBlobHeaders (0.63.41):
    - glog
    - RCT-Folly (= 2020.01.13.00)
    - React-Core/Default
    - React-cxxreact (= 0.63.41)
    - React-jsi (= 0.63.41)
    - React-jsiexecutor (= 0.63.41)
    - Yoga
  - React-Core/RCTImageHeaders (0.63.41):
    - glog
    - RCT-Folly (= 2020.01.13.00)
    - React-Core/Default
    - React-cxxreact (= 0.63.41)
    - React-jsi (= 0.63.41)
    - React-jsiexecutor (= 0.63.41)
    - Yoga
  - React-Core/RCTLinkingHeaders (0.63.41):
    - glog
    - RCT-Folly (= 2020.01.13.00)
    - React-Core/Default
    - React-cxxreact (= 0.63.41)
    - React-jsi (= 0.63.41)
    - React-jsiexecutor (= 0.63.41)
    - Yoga
  - React-Core/RCTNetworkHeaders (0.63.41):
    - glog
    - RCT-Folly (= 2020.01.13.00)
    - React-Core/Default
    - React-cxxreact (= 0.63.41)
    - React-jsi (= 0.63.41)
    - React-jsiexecutor (= 0.63.41)
    - Yoga
  - React-Core/RCTSettingsHeaders (0.63.41):
    - glog
    - RCT-Folly (= 2020.01.13.00)
    - React-Core/Default
    - React-cxxreact (= 0.63.41)
    - React-jsi (= 0.63.41)
    - React-jsiexecutor (= 0.63.41)
    - Yoga
  - React-Core/RCTTextHeaders (0.63.41):
    - glog
    - RCT-Folly (= 2020.01.13.00)
    - React-Core/Default
    - React-cxxreact (= 0.63.41)
    - React-jsi (= 0.63.41)
    - React-jsiexecutor (= 0.63.41)
    - Yoga
  - React-Core/RCTVibrationHeaders (0.63.41):
    - glog
    - RCT-Folly (= 2020.01.13.00)
    - React-Core/Default
    - React-cxxreact (= 0.63.41)
    - React-jsi (= 0.63.41)
    - React-jsiexecutor (= 0.63.41)
    - Yoga
  - React-Core/RCTWebSocket (0.63.41):
    - glog
    - RCT-Folly (= 2020.01.13.00)
    - React-Core/Default (= 0.63.41)
    - React-cxxreact (= 0.63.41)
    - React-jsi (= 0.63.41)
    - React-jsiexecutor (= 0.63.41)
    - Yoga
  - React-CoreModules (0.63.41):
    - FBReactNativeSpec (= 0.63.41)
    - RCT-Folly (= 2020.01.13.00)
    - RCTTypeSafety (= 0.63.41)
    - React-Core/CoreModulesHeaders (= 0.63.41)
    - React-jsi (= 0.63.41)
    - React-RCTImage (= 0.63.41)
    - ReactCommon/turbomodule/core (= 0.63.41)
  - React-cxxreact (0.63.41):
    - boost-for-react-native (= 1.63.0)
    - DoubleConversion
    - glog
    - RCT-Folly (= 2020.01.13.00)
    - React-callinvoker (= 0.63.41)
    - React-jsinspector (= 0.63.41)
  - React-jsi (0.63.41):
    - boost-for-react-native (= 1.63.0)
    - DoubleConversion
    - glog
    - RCT-Folly (= 2020.01.13.00)
    - React-jsi/Default (= 0.63.41)
  - React-jsi/Default (0.63.41):
    - boost-for-react-native (= 1.63.0)
    - DoubleConversion
    - glog
    - RCT-Folly (= 2020.01.13.00)
  - React-jsiexecutor (0.63.41):
    - DoubleConversion
    - glog
    - RCT-Folly (= 2020.01.13.00)
    - React-cxxreact (= 0.63.41)
    - React-jsi (= 0.63.41)
  - React-jsinspector (0.63.41)
  - React-RCTActionSheet (0.63.41):
    - React-Core/RCTActionSheetHeaders (= 0.63.41)
  - React-RCTAnimation (0.63.41):
    - FBReactNativeSpec (= 0.63.41)
    - RCT-Folly (= 2020.01.13.00)
    - RCTTypeSafety (= 0.63.41)
    - React-Core/RCTAnimationHeaders (= 0.63.41)
    - React-jsi (= 0.63.41)
    - ReactCommon/turbomodule/core (= 0.63.41)
  - React-RCTBlob (0.63.41):
    - FBReactNativeSpec (= 0.63.41)
    - RCT-Folly (= 2020.01.13.00)
    - React-Core/RCTBlobHeaders (= 0.63.41)
    - React-Core/RCTWebSocket (= 0.63.41)
    - React-jsi (= 0.63.41)
    - React-RCTNetwork (= 0.63.41)
    - ReactCommon/turbomodule/core (= 0.63.41)
  - React-RCTImage (0.63.41):
    - FBReactNativeSpec (= 0.63.41)
    - RCT-Folly (= 2020.01.13.00)
    - RCTTypeSafety (= 0.63.41)
    - React-Core/RCTImageHeaders (= 0.63.41)
    - React-jsi (= 0.63.41)
    - React-RCTNetwork (= 0.63.41)
    - ReactCommon/turbomodule/core (= 0.63.41)
  - React-RCTLinking (0.63.41):
    - FBReactNativeSpec (= 0.63.41)
    - React-Core/RCTLinkingHeaders (= 0.63.41)
    - React-jsi (= 0.63.41)
    - ReactCommon/turbomodule/core (= 0.63.41)
  - React-RCTNetwork (0.63.41):
    - FBReactNativeSpec (= 0.63.41)
    - RCT-Folly (= 2020.01.13.00)
    - RCTTypeSafety (= 0.63.41)
    - React-Core/RCTNetworkHeaders (= 0.63.41)
    - React-jsi (= 0.63.41)
    - ReactCommon/turbomodule/core (= 0.63.41)
  - React-RCTSettings (0.63.41):
    - FBReactNativeSpec (= 0.63.41)
    - RCT-Folly (= 2020.01.13.00)
    - RCTTypeSafety (= 0.63.41)
    - React-Core/RCTSettingsHeaders (= 0.63.41)
    - React-jsi (= 0.63.41)
    - ReactCommon/turbomodule/core (= 0.63.41)
  - React-RCTText (0.63.41):
    - React-Core/RCTTextHeaders (= 0.63.41)
  - React-RCTVibration (0.63.41):
    - FBReactNativeSpec (= 0.63.41)
    - RCT-Folly (= 2020.01.13.00)
    - React-Core/RCTVibrationHeaders (= 0.63.41)
    - React-jsi (= 0.63.41)
    - ReactCommon/turbomodule/core (= 0.63.41)
  - ReactCommon/turbomodule/core (0.63.41):
    - DoubleConversion
    - glog
    - RCT-Folly (= 2020.01.13.00)
    - React-callinvoker (= 0.63.41)
    - React-Core (= 0.63.41)
    - React-cxxreact (= 0.63.41)
    - React-jsi (= 0.63.41)
  - Yoga (1.14.0)
  - YogaKit (1.18.1):
    - Yoga (~> 1.14)

DEPENDENCIES:
  - boost-for-react-native (from `../node_modules/react-native-macos/third-party-podspecs/boost-for-react-native.podspec`)
  - DoubleConversion (from `../node_modules/react-native-macos/third-party-podspecs/DoubleConversion.podspec`)
  - FBLazyVector (from `../node_modules/react-native-macos/Libraries/FBLazyVector`)
  - FBReactNativeSpec (from `../node_modules/react-native-macos/Libraries/FBReactNativeSpec`)
  - Flipper (~> 0.75.1)
  - Flipper-DoubleConversion (= 1.1.7)
  - Flipper-Folly (~> 2.5)
  - Flipper-Glog (= 0.3.6)
  - Flipper-PeerTalk (~> 0.0.4)
  - Flipper-RSocket (~> 1.3)
  - FlipperKit (~> 0.75.1)
  - FlipperKit/Core (~> 0.75.1)
  - FlipperKit/CppBridge (~> 0.75.1)
  - FlipperKit/FBCxxFollyDynamicConvert (~> 0.75.1)
  - FlipperKit/FBDefines (~> 0.75.1)
  - FlipperKit/FKPortForwarding (~> 0.75.1)
  - FlipperKit/FlipperKitHighlightOverlay (~> 0.75.1)
  - FlipperKit/FlipperKitLayoutPlugin (~> 0.75.1)
  - FlipperKit/FlipperKitLayoutTextSearchable (~> 0.75.1)
  - FlipperKit/FlipperKitNetworkPlugin (~> 0.75.1)
  - FlipperKit/FlipperKitReactPlugin (~> 0.75.1)
  - FlipperKit/FlipperKitUserDefaultsPlugin (~> 0.75.1)
  - FlipperKit/SKIOSNetworkPlugin (~> 0.75.1)
  - glog (from `../node_modules/react-native-macos/third-party-podspecs/glog.podspec`)
  - RCT-Folly (from `../node_modules/react-native-macos/third-party-podspecs/RCT-Folly.podspec`)
  - RCTRequired (from `../node_modules/react-native-macos/Libraries/RCTRequired`)
  - RCTTypeSafety (from `../node_modules/react-native-macos/Libraries/TypeSafety`)
  - React (from `../node_modules/react-native-macos/`)
  - React-callinvoker (from `../node_modules/react-native-macos/ReactCommon/callinvoker`)
  - React-Core (from `../node_modules/react-native-macos/`)
  - React-Core/DevSupport (from `../node_modules/react-native-macos/`)
  - React-Core/RCTWebSocket (from `../node_modules/react-native-macos/`)
  - React-CoreModules (from `../node_modules/react-native-macos/React/CoreModules`)
  - React-cxxreact (from `../node_modules/react-native-macos/ReactCommon/cxxreact`)
  - React-jsi (from `../node_modules/react-native-macos/ReactCommon/jsi`)
  - React-jsiexecutor (from `../node_modules/react-native-macos/ReactCommon/jsiexecutor`)
  - React-jsinspector (from `../node_modules/react-native-macos/ReactCommon/jsinspector`)
  - React-RCTActionSheet (from `../node_modules/react-native-macos/Libraries/ActionSheetIOS`)
  - React-RCTAnimation (from `../node_modules/react-native-macos/Libraries/NativeAnimation`)
  - React-RCTBlob (from `../node_modules/react-native-macos/Libraries/Blob`)
  - React-RCTImage (from `../node_modules/react-native-macos/Libraries/Image`)
  - React-RCTLinking (from `../node_modules/react-native-macos/Libraries/LinkingIOS`)
  - React-RCTNetwork (from `../node_modules/react-native-macos/Libraries/Network`)
  - React-RCTSettings (from `../node_modules/react-native-macos/Libraries/Settings`)
  - React-RCTText (from `../node_modules/react-native-macos/Libraries/Text`)
  - React-RCTVibration (from `../node_modules/react-native-macos/Libraries/Vibration`)
  - ReactCommon/turbomodule/core (from `../node_modules/react-native-macos/ReactCommon`)
  - Yoga (from `../node_modules/react-native-macos/ReactCommon/yoga`)

SPEC REPOS:
  trunk:
    - CocoaAsyncSocket
    - Flipper
    - Flipper-Boost-iOSX
    - Flipper-DoubleConversion
    - Flipper-Fmt
    - Flipper-Folly
    - Flipper-Glog
    - Flipper-PeerTalk
    - Flipper-RSocket
    - FlipperKit
    - libevent
    - OpenSSL-Universal
    - YogaKit

EXTERNAL SOURCES:
  boost-for-react-native:
    :podspec: "../node_modules/react-native-macos/third-party-podspecs/boost-for-react-native.podspec"
  DoubleConversion:
    :podspec: "../node_modules/react-native-macos/third-party-podspecs/DoubleConversion.podspec"
  FBLazyVector:
    :path: "../node_modules/react-native-macos/Libraries/FBLazyVector"
  FBReactNativeSpec:
    :path: "../node_modules/react-native-macos/Libraries/FBReactNativeSpec"
  glog:
    :podspec: "../node_modules/react-native-macos/third-party-podspecs/glog.podspec"
  RCT-Folly:
    :podspec: "../node_modules/react-native-macos/third-party-podspecs/RCT-Folly.podspec"
  RCTRequired:
    :path: "../node_modules/react-native-macos/Libraries/RCTRequired"
  RCTTypeSafety:
    :path: "../node_modules/react-native-macos/Libraries/TypeSafety"
  React:
    :path: "../node_modules/react-native-macos/"
  React-callinvoker:
    :path: "../node_modules/react-native-macos/ReactCommon/callinvoker"
  React-Core:
    :path: "../node_modules/react-native-macos/"
  React-CoreModules:
    :path: "../node_modules/react-native-macos/React/CoreModules"
  React-cxxreact:
    :path: "../node_modules/react-native-macos/ReactCommon/cxxreact"
  React-jsi:
    :path: "../node_modules/react-native-macos/ReactCommon/jsi"
  React-jsiexecutor:
    :path: "../node_modules/react-native-macos/ReactCommon/jsiexecutor"
  React-jsinspector:
    :path: "../node_modules/react-native-macos/ReactCommon/jsinspector"
  React-RCTActionSheet:
    :path: "../node_modules/react-native-macos/Libraries/ActionSheetIOS"
  React-RCTAnimation:
    :path: "../node_modules/react-native-macos/Libraries/NativeAnimation"
  React-RCTBlob:
    :path: "../node_modules/react-native-macos/Libraries/Blob"
  React-RCTImage:
    :path: "../node_modules/react-native-macos/Libraries/Image"
  React-RCTLinking:
    :path: "../node_modules/react-native-macos/Libraries/LinkingIOS"
  React-RCTNetwork:
    :path: "../node_modules/react-native-macos/Libraries/Network"
  React-RCTSettings:
    :path: "../node_modules/react-native-macos/Libraries/Settings"
  React-RCTText:
    :path: "../node_modules/react-native-macos/Libraries/Text"
  React-RCTVibration:
    :path: "../node_modules/react-native-macos/Libraries/Vibration"
  ReactCommon:
    :path: "../node_modules/react-native-macos/ReactCommon"
  Yoga:
    :path: "../node_modules/react-native-macos/ReactCommon/yoga"

SPEC CHECKSUMS:
  boost-for-react-native: dabda8622e76020607c2ae1e65cc0cda8b61479d
  CocoaAsyncSocket: 065fd1e645c7abab64f7a6a2007a48038fdc6a99
  DoubleConversion: 56a44bcfd14ab2ff66f5a146b2e875eb4b69b19b
  FBLazyVector: 9dde2e0340ba783233dba7c6b77e65889047fbb3
  FBReactNativeSpec: 6088d5ab01851853cc3fc5384d3f5edf7c898e54
  Flipper: d3da1aa199aad94455ae725e9f3aa43f3ec17021
  Flipper-Boost-iOSX: fd1e2b8cbef7e662a122412d7ac5f5bea715403c
  Flipper-DoubleConversion: 38631e41ef4f9b12861c67d17cb5518d06badc41
  Flipper-Fmt: 60cbdd92fc254826e61d669a5d87ef7015396a9b
  Flipper-Folly: 4c7cf530a9038ae25b0fa37e00b00491c467aaea
  Flipper-Glog: 1dfd6abf1e922806c52ceb8701a3599a79a200a6
  Flipper-PeerTalk: 116d8f857dc6ef55c7a5a75ea3ceaafe878aadc9
  Flipper-RSocket: d9d9ade67cbecf6ac10730304bf5607266dd2541
  FlipperKit: 8a20b5c5fcf9436cac58551dc049867247f64b00
  glog: 1cb7c408c781ae8f35bbababe459b45e3dee4ec1
  libevent: 4049cae6c81cdb3654a443be001fb9bdceff7913
  OpenSSL-Universal: ebc357f1e6bc71fa463ccb2fe676756aff50e88c
  RCT-Folly: 1347093ffe75e152d846f7e45a3ef901b60021aa
  RCTRequired: 64eedb6cf5f0ae7d4c3925e0b9a87747d0391735
  RCTTypeSafety: a8ce68a3ce4aa22cd6a9cbf09607ad2b016b51d5
  React: a8f98b76204f8a85b22311e8fe145b7bbe5b80e5
  React-callinvoker: 523751195c41602db85fa2889e44a6afae271e3a
  React-Core: b0b37e0216951b0706bdcec7b7fb9400d8167433
  React-CoreModules: 3e81ecb9ea29b3a4eba630fad23d42747bb28c4c
  React-cxxreact: 745b1fb1cfc8133c5ab52177172128fba3bc7411
  React-jsi: 5d60daef9bfdfb1f2b7d69281643a113c99844d3
  React-jsiexecutor: 235cf6a0975b88e7c3c56f1862e5ec3512993e47
  React-jsinspector: d067ff9e6a75ffc7472ca71007ba47cdfcc8cc1c
  React-RCTActionSheet: 5d6d53371715660224937186559d0d3019b79621
  React-RCTAnimation: eb2094b698230b3750722074419baebfb40dba06
  React-RCTBlob: 03d37739783ed896197505ad6268efcb3ffe4643
  React-RCTImage: 0fe6e8aa7b8d986b464d176da8998ea2ddd91690
  React-RCTLinking: f07a3e0e6c0be023c0bb9eac06825a06cc7485f3
  React-RCTNetwork: 8f1d5d7bf12d75fd5505c3beb0f868a77843f148
  React-RCTSettings: cfb0fea9d8d9397290c8b32c980e753a0f2312a3
  React-RCTText: e6457242755b1dd6fa444264361db8a9a8d0a56a
  React-RCTVibration: d7cbf797347b9505acc4573a7308292755655050
  ReactCommon: 6d21cc720730a31a9b63a67f751d991e56def287
  Yoga: 6a194db2cebcae86e56caf702b8c659f5c0da133
  YogaKit: f782866e155069a2cca2517aafea43200b01fd5a

PODFILE CHECKSUM: f8f9a03941d5f76b3492da7168eca7f7660379ca

COCOAPODS: 1.11.2
